
Microsoft Visual Studio Solution File, Format Version 12.00
Project("{2150E333-8FDC-42A3-9474-1A3956D46DE8}") = "Services", "Services", "{6A41A097-5292-4532-9A8B-C47BB04414D8}"
EndProject
Project("{2150E333-8FDC-42A3-9474-1A3956D46DE8}") = "Courses", "Courses", "{CE3175C4-C2C3-402A-9E78-B05423EE9B0E}"
EndProject
Project("{FAE04EC0-301F-11D3-BF4B-00C04F79EFBC}") = "Courses.Domain", "src\Services\Courses\Courses.Domain\Courses.Domain.csproj", "{C093A4AD-F50A-4076-88EA-12E6E84644E3}"
EndProject
Project("{2150E333-8FDC-42A3-9474-1A3956D46DE8}") = "Shared", "Shared", "{C60FAE4E-2320-4032-9A78-5B751DFA03A7}"
EndProject
Project("{FAE04EC0-301F-11D3-BF4B-00C04F79EFBC}") = "Shared.Domain", "src\Shared\DDD\Shared.Domain\Shared.Domain.csproj", "{1A4F16C7-173A-403C-9816-FFED443E2D3D}"
EndProject
Project("{FAE04EC0-301F-11D3-BF4B-00C04F79EFBC}") = "Courses.Infrastructure", "src\Services\Courses\Courses.Infrastructure\Courses.Infrastructure.csproj", "{D0FB7BBB-C2C0-498E-93B8-5F9236FA8E92}"
EndProject
Project("{FAE04EC0-301F-11D3-BF4B-00C04F79EFBC}") = "Shared.Application", "src\Shared\DDD\Shared.Application\Shared.Application.csproj", "{4024722A-B231-409E-9903-10D79C0D322B}"
EndProject
Project("{FAE04EC0-301F-11D3-BF4B-00C04F79EFBC}") = "Courses.Application", "src\Services\Courses\Courses.Application\Courses.Application.csproj", "{208602DC-D943-4825-A9B7-85D77B1838F2}"
EndProject
Project("{FAE04EC0-301F-11D3-BF4B-00C04F79EFBC}") = "Courses.WorkerService", "src\Services\Courses\Courses.WorkerService\Courses.WorkerService.csproj", "{3872D379-4D8A-40E2-B162-47D2270DA7ED}"
EndProject
Project("{FAE04EC0-301F-11D3-BF4B-00C04F79EFBC}") = "Courses.Api", "src\Services\Courses\Courses.Api\Courses.Api.csproj", "{45CC0FC6-F3AF-4346-B574-89AAD3AA8E72}"
EndProject
Project("{2150E333-8FDC-42A3-9474-1A3956D46DE8}") = "Enrolments", "Enrolments", "{D63DBC46-0F70-4731-A241-35803C1A02FB}"
EndProject
Project("{FAE04EC0-301F-11D3-BF4B-00C04F79EFBC}") = "Enrolments.WorkerService", "src\Services\Enrolments\Enrolments.WorkerService\Enrolments.WorkerService.csproj", "{F3798159-2E5D-42ED-9D82-0A8F3B7E3C4B}"
EndProject
Project("{FAE04EC0-301F-11D3-BF4B-00C04F79EFBC}") = "Enrolments.Domain", "src\Services\Enrolments\Enrolments.Domain\Enrolments.Domain.csproj", "{4752519C-9C41-4E96-8850-28E8BAAD0141}"
EndProject
Project("{FAE04EC0-301F-11D3-BF4B-00C04F79EFBC}") = "Enrolments.Application", "src\Services\Enrolments\Enrolments.Application\Enrolments.Application.csproj", "{70EF3B39-8AA5-4808-BFA2-7C888B955EA0}"
EndProject
Project("{FAE04EC0-301F-11D3-BF4B-00C04F79EFBC}") = "Enrolments.Infrastructure", "src\Services\Enrolments\Enrolments.Infrastructure\Enrolments.Infrastructure.csproj", "{89F830CF-1849-4523-ABC7-EEB4ADD30487}"
EndProject
Project("{FAE04EC0-301F-11D3-BF4B-00C04F79EFBC}") = "Enrolments.Api", "src\Services\Enrolments\Enrolments.Api\Enrolments.Api.csproj", "{8A860D67-9297-4D0E-8CF3-F3E1FED7678D}"
EndProject
Project("{FAE04EC0-301F-11D3-BF4B-00C04F79EFBC}") = "Shared.Api", "src\Shared\DDD\Shared.Api\Shared.Api.csproj", "{AE517A57-B784-4FCF-BBD0-E47AD00398B3}"
EndProject
Global
	GlobalSection(SolutionConfigurationPlatforms) = preSolution
		Debug|Any CPU = Debug|Any CPU
		Release|Any CPU = Release|Any CPU
	EndGlobalSection
	GlobalSection(NestedProjects) = preSolution
		{CE3175C4-C2C3-402A-9E78-B05423EE9B0E} = {6A41A097-5292-4532-9A8B-C47BB04414D8}
		{C093A4AD-F50A-4076-88EA-12E6E84644E3} = {CE3175C4-C2C3-402A-9E78-B05423EE9B0E}
		{1A4F16C7-173A-403C-9816-FFED443E2D3D} = {C60FAE4E-2320-4032-9A78-5B751DFA03A7}
		{4024722A-B231-409E-9903-10D79C0D322B} = {C60FAE4E-2320-4032-9A78-5B751DFA03A7}
		{D0FB7BBB-C2C0-498E-93B8-5F9236FA8E92} = {CE3175C4-C2C3-402A-9E78-B05423EE9B0E}
		{208602DC-D943-4825-A9B7-85D77B1838F2} = {CE3175C4-C2C3-402A-9E78-B05423EE9B0E}
		{3872D379-4D8A-40E2-B162-47D2270DA7ED} = {CE3175C4-C2C3-402A-9E78-B05423EE9B0E}
		{45CC0FC6-F3AF-4346-B574-89AAD3AA8E72} = {CE3175C4-C2C3-402A-9E78-B05423EE9B0E}
		{D63DBC46-0F70-4731-A241-35803C1A02FB} = {6A41A097-5292-4532-9A8B-C47BB04414D8}
		{F3798159-2E5D-42ED-9D82-0A8F3B7E3C4B} = {D63DBC46-0F70-4731-A241-35803C1A02FB}
		{4752519C-9C41-4E96-8850-28E8BAAD0141} = {D63DBC46-0F70-4731-A241-35803C1A02FB}
		{70EF3B39-8AA5-4808-BFA2-7C888B955EA0} = {D63DBC46-0F70-4731-A241-35803C1A02FB}
		{89F830CF-1849-4523-ABC7-EEB4ADD30487} = {D63DBC46-0F70-4731-A241-35803C1A02FB}
		{8A860D67-9297-4D0E-8CF3-F3E1FED7678D} = {D63DBC46-0F70-4731-A241-35803C1A02FB}
		{AE517A57-B784-4FCF-BBD0-E47AD00398B3} = {C60FAE4E-2320-4032-9A78-5B751DFA03A7}
	EndGlobalSection
	GlobalSection(ProjectConfigurationPlatforms) = postSolution
		{C093A4AD-F50A-4076-88EA-12E6E84644E3}.Debug|Any CPU.ActiveCfg = Debug|Any CPU
		{C093A4AD-F50A-4076-88EA-12E6E84644E3}.Debug|Any CPU.Build.0 = Debug|Any CPU
		{C093A4AD-F50A-4076-88EA-12E6E84644E3}.Release|Any CPU.ActiveCfg = Release|Any CPU
		{C093A4AD-F50A-4076-88EA-12E6E84644E3}.Release|Any CPU.Build.0 = Release|Any CPU
		{1A4F16C7-173A-403C-9816-FFED443E2D3D}.Debug|Any CPU.ActiveCfg = Debug|Any CPU
		{1A4F16C7-173A-403C-9816-FFED443E2D3D}.Debug|Any CPU.Build.0 = Debug|Any CPU
		{1A4F16C7-173A-403C-9816-FFED443E2D3D}.Release|Any CPU.ActiveCfg = Release|Any CPU
		{1A4F16C7-173A-403C-9816-FFED443E2D3D}.Release|Any CPU.Build.0 = Release|Any CPU
		{D0FB7BBB-C2C0-498E-93B8-5F9236FA8E92}.Debug|Any CPU.ActiveCfg = Debug|Any CPU
		{D0FB7BBB-C2C0-498E-93B8-5F9236FA8E92}.Debug|Any CPU.Build.0 = Debug|Any CPU
		{D0FB7BBB-C2C0-498E-93B8-5F9236FA8E92}.Release|Any CPU.ActiveCfg = Release|Any CPU
		{D0FB7BBB-C2C0-498E-93B8-5F9236FA8E92}.Release|Any CPU.Build.0 = Release|Any CPU
		{4024722A-B231-409E-9903-10D79C0D322B}.Debug|Any CPU.ActiveCfg = Debug|Any CPU
		{4024722A-B231-409E-9903-10D79C0D322B}.Debug|Any CPU.Build.0 = Debug|Any CPU
		{4024722A-B231-409E-9903-10D79C0D322B}.Release|Any CPU.ActiveCfg = Release|Any CPU
		{4024722A-B231-409E-9903-10D79C0D322B}.Release|Any CPU.Build.0 = Release|Any CPU
		{208602DC-D943-4825-A9B7-85D77B1838F2}.Debug|Any CPU.ActiveCfg = Debug|Any CPU
		{208602DC-D943-4825-A9B7-85D77B1838F2}.Debug|Any CPU.Build.0 = Debug|Any CPU
		{208602DC-D943-4825-A9B7-85D77B1838F2}.Release|Any CPU.ActiveCfg = Release|Any CPU
		{208602DC-D943-4825-A9B7-85D77B1838F2}.Release|Any CPU.Build.0 = Release|Any CPU
		{3872D379-4D8A-40E2-B162-47D2270DA7ED}.Debug|Any CPU.ActiveCfg = Debug|Any CPU
		{3872D379-4D8A-40E2-B162-47D2270DA7ED}.Debug|Any CPU.Build.0 = Debug|Any CPU
		{3872D379-4D8A-40E2-B162-47D2270DA7ED}.Release|Any CPU.ActiveCfg = Release|Any CPU
		{3872D379-4D8A-40E2-B162-47D2270DA7ED}.Release|Any CPU.Build.0 = Release|Any CPU
		{45CC0FC6-F3AF-4346-B574-89AAD3AA8E72}.Debug|Any CPU.ActiveCfg = Debug|Any CPU
		{45CC0FC6-F3AF-4346-B574-89AAD3AA8E72}.Debug|Any CPU.Build.0 = Debug|Any CPU
		{45CC0FC6-F3AF-4346-B574-89AAD3AA8E72}.Release|Any CPU.ActiveCfg = Release|Any CPU
		{45CC0FC6-F3AF-4346-B574-89AAD3AA8E72}.Release|Any CPU.Build.0 = Release|Any CPU
		{F3798159-2E5D-42ED-9D82-0A8F3B7E3C4B}.Debug|Any CPU.ActiveCfg = Debug|Any CPU
		{F3798159-2E5D-42ED-9D82-0A8F3B7E3C4B}.Debug|Any CPU.Build.0 = Debug|Any CPU
		{F3798159-2E5D-42ED-9D82-0A8F3B7E3C4B}.Release|Any CPU.ActiveCfg = Release|Any CPU
		{F3798159-2E5D-42ED-9D82-0A8F3B7E3C4B}.Release|Any CPU.Build.0 = Release|Any CPU
		{4752519C-9C41-4E96-8850-28E8BAAD0141}.Debug|Any CPU.ActiveCfg = Debug|Any CPU
		{4752519C-9C41-4E96-8850-28E8BAAD0141}.Debug|Any CPU.Build.0 = Debug|Any CPU
		{4752519C-9C41-4E96-8850-28E8BAAD0141}.Release|Any CPU.ActiveCfg = Release|Any CPU
		{4752519C-9C41-4E96-8850-28E8BAAD0141}.Release|Any CPU.Build.0 = Release|Any CPU
		{70EF3B39-8AA5-4808-BFA2-7C888B955EA0}.Debug|Any CPU.ActiveCfg = Debug|Any CPU
		{70EF3B39-8AA5-4808-BFA2-7C888B955EA0}.Debug|Any CPU.Build.0 = Debug|Any CPU
		{70EF3B39-8AA5-4808-BFA2-7C888B955EA0}.Release|Any CPU.ActiveCfg = Release|Any CPU
		{70EF3B39-8AA5-4808-BFA2-7C888B955EA0}.Release|Any CPU.Build.0 = Release|Any CPU
		{89F830CF-1849-4523-ABC7-EEB4ADD30487}.Debug|Any CPU.ActiveCfg = Debug|Any CPU
		{89F830CF-1849-4523-ABC7-EEB4ADD30487}.Debug|Any CPU.Build.0 = Debug|Any CPU
		{89F830CF-1849-4523-ABC7-EEB4ADD30487}.Release|Any CPU.ActiveCfg = Release|Any CPU
		{89F830CF-1849-4523-ABC7-EEB4ADD30487}.Release|Any CPU.Build.0 = Release|Any CPU
		{8A860D67-9297-4D0E-8CF3-F3E1FED7678D}.Debug|Any CPU.ActiveCfg = Debug|Any CPU
		{8A860D67-9297-4D0E-8CF3-F3E1FED7678D}.Debug|Any CPU.Build.0 = Debug|Any CPU
		{8A860D67-9297-4D0E-8CF3-F3E1FED7678D}.Release|Any CPU.ActiveCfg = Release|Any CPU
		{8A860D67-9297-4D0E-8CF3-F3E1FED7678D}.Release|Any CPU.Build.0 = Release|Any CPU
		{AE517A57-B784-4FCF-BBD0-E47AD00398B3}.Debug|Any CPU.ActiveCfg = Debug|Any CPU
		{AE517A57-B784-4FCF-BBD0-E47AD00398B3}.Debug|Any CPU.Build.0 = Debug|Any CPU
		{AE517A57-B784-4FCF-BBD0-E47AD00398B3}.Release|Any CPU.ActiveCfg = Release|Any CPU
		{AE517A57-B784-4FCF-BBD0-E47AD00398B3}.Release|Any CPU.Build.0 = Release|Any CPU
	EndGlobalSection
EndGlobal
